
Microsoft Visual Studio Solution File, Format Version 11.00
# Visual Studio 2010
Project("{FAE04EC0-301F-11D3-BF4B-00C04F79EFBC}") = "Ink-Libraries", "Ink-Libraries.csproj", "{8f9ca7b7-fc36-2e8e-49a6-b2d720087e71}"
EndProject
Project("{FAE04EC0-301F-11D3-BF4B-00C04F79EFBC}") = "Assembly-CSharp", "Assembly-CSharp.csproj", "{e2334449-1c0f-956f-eaba-5bee61edf82d}"
EndProject
Project("{FAE04EC0-301F-11D3-BF4B-00C04F79EFBC}") = "InkEditor", "InkEditor.csproj", "{c23752f1-f777-648f-ef09-f7a0c5798e97}"
EndProject
Project("{FAE04EC0-301F-11D3-BF4B-00C04F79EFBC}") = "Assembly-CSharp-Editor", "Assembly-CSharp-Editor.csproj", "{a30440bb-b10e-f257-7432-cccf6917b3bf}"
EndProject
Global
	GlobalSection(SolutionConfigurationPlatforms) = preSolution
		Debug|Any CPU = Debug|Any CPU
	EndGlobalSection
	GlobalSection(ProjectConfigurationPlatforms) = postSolution
		{8f9ca7b7-fc36-2e8e-49a6-b2d720087e71}.Debug|Any CPU.ActiveCfg = Debug|Any CPU
		{8f9ca7b7-fc36-2e8e-49a6-b2d720087e71}.Debug|Any CPU.Build.0 = Debug|Any CPU
		{e2334449-1c0f-956f-eaba-5bee61edf82d}.Debug|Any CPU.ActiveCfg = Debug|Any CPU
		{e2334449-1c0f-956f-eaba-5bee61edf82d}.Debug|Any CPU.Build.0 = Debug|Any CPU
		{c23752f1-f777-648f-ef09-f7a0c5798e97}.Debug|Any CPU.ActiveCfg = Debug|Any CPU
		{c23752f1-f777-648f-ef09-f7a0c5798e97}.Debug|Any CPU.Build.0 = Debug|Any CPU
		{a30440bb-b10e-f257-7432-cccf6917b3bf}.Debug|Any CPU.ActiveCfg = Debug|Any CPU
		{a30440bb-b10e-f257-7432-cccf6917b3bf}.Debug|Any CPU.Build.0 = Debug|Any CPU
	EndGlobalSection
	GlobalSection(SolutionProperties) = preSolution
		HideSolutionNode = FALSE
	EndGlobalSection
EndGlobal
